schema: '2.0'
stages:
  tutorial:
    cmd: python quickstart_tutorial.py
    deps:
    - path: data
      md5: 18d3ba9f82aa57f2f5267753f1659e05.dir
      size: 85828693
      nfiles: 8
    - path: pdm.lock
      md5: 3f8fa32d8080e82a944eb259d85ffa2e
      size: 232419
    - path: pyproject.toml
      md5: e12a84008f5f486370de9933379bc675
      size: 475
    - path: quickstart_tutorial.py
      md5: d9980d85924ca43fbc9e122d75fe907c
      size: 7816
    params:
      params.yaml:
        batch_size: 64
        epochs: 5
        lr: 0.001
    outs:
    - path: model.pth
      md5: 709d318498dadf1f59fce74ef649da65
      size: 2680919
    - path: training.json
      md5: c44113312be655571c68558b823134b9
      size: 168
    - path: training/scalars
      md5: acb1e2b1372c5a529ee5906ae1b24896.dir
      size: 579
      nfiles: 3
  evaluate:
    cmd: python quickstart_tutorial_eval.py
    deps:
    - path: data
      md5: 18d3ba9f82aa57f2f5267753f1659e05.dir
      size: 85828693
      nfiles: 8
    - path: model.pth
      md5: 709d318498dadf1f59fce74ef649da65
      size: 2680919
    - path: pdm.lock
      md5: 3f8fa32d8080e82a944eb259d85ffa2e
      size: 232419
    - path: pyproject.toml
      md5: e12a84008f5f486370de9933379bc675
      size: 475
    - path: quickstart_tutorial_eval.py
      md5: 2e0c2d7114456f131ffc44aff4b7f9b6
      size: 4484
