schema: '2.0'
stages:
  tutorial:
    cmd: python quickstart_tutorial.py
    deps:
    - path: data
      md5: 18d3ba9f82aa57f2f5267753f1659e05.dir
      size: 85828693
      nfiles: 8
    - path: pdm.lock
      md5: 6dafda631e111b94856a625f631920cd
      size: 232418
    - path: pyproject.toml
      md5: 6796b57a75a3c607811e588a2e076064
      size: 457
    - path: quickstart_tutorial.py
      md5: 056299bf161a8734972778178cdf0ee8
      size: 7577
    params:
      params.yaml:
        batch_size: 64
        epochs: 5
        lr: 0.001
    outs:
    - path: model.pth
      md5: cd07c74cc98e87b925a8f2fc9d5c801c
      size: 2680919
  evaluate:
    cmd: python quickstart_tutorial_eval.py
    deps:
    - path: data
      md5: 18d3ba9f82aa57f2f5267753f1659e05.dir
      size: 85828693
      nfiles: 8
    - path: model.pth
      md5: cd07c74cc98e87b925a8f2fc9d5c801c
      size: 2680919
    - path: pdm.lock
      md5: 6dafda631e111b94856a625f631920cd
      size: 232418
    - path: pyproject.toml
      md5: 6796b57a75a3c607811e588a2e076064
      size: 457
    - path: quickstart_tutorial_eval.py
      md5: 2e0c2d7114456f131ffc44aff4b7f9b6
      size: 4484
